
Microsoft Visual Studio Solution File, Format Version 12.00
# Visual Studio Version 16
VisualStudioVersion = 16.0.28803.202
MinimumVisualStudioVersion = 10.0.40219.1
Project("{FAE04EC0-301F-11D3-BF4B-00C04F79EFBC}") = "HelloWorld.Android", "HelloWorld\HelloWorld.Android\HelloWorld.Android.csproj", "{389F7BC3-B5CD-4A4F-9B12-1AE87B7A654B}"
EndProject
Project("{FAE04EC0-301F-11D3-BF4B-00C04F79EFBC}") = "HelloWorld.iOS", "HelloWorld\HelloWorld.iOS\HelloWorld.iOS.csproj", "{29D52C93-D9DF-486A-89A2-01E039B8382B}"
EndProject
Project("{D954291E-2A0B-460D-934E-DC6B0785DB48}") = "HelloWorld", "HelloWorld\HelloWorld\HelloWorld.shproj", "{264264C1-DF9C-4B5C-AFBB-53C571EEB785}"
EndProject
Global
	GlobalSection(SharedMSBuildProjectFiles) = preSolution
		HelloWorld\HelloWorld\HelloWorld.projitems*{264264c1-df9c-4b5c-afbb-53c571eeb785}*SharedItemsImports = 13
		HelloWorld\HelloWorld\HelloWorld.projitems*{29d52c93-d9df-486a-89a2-01e039b8382b}*SharedItemsImports = 4
		HelloWorld\HelloWorld\HelloWorld.projitems*{389f7bc3-b5cd-4a4f-9b12-1ae87b7a654b}*SharedItemsImports = 4
	EndGlobalSection
	GlobalSection(SolutionConfigurationPlatforms) = preSolution
		Debug|Any CPU = Debug|Any CPU
		Debug|iPhone = Debug|iPhone
		Debug|iPhoneSimulator = Debug|iPhoneSimulator
		Release|Any CPU = Release|Any CPU
		Release|iPhone = Release|iPhone
		Release|iPhoneSimulator = Release|iPhoneSimulator
	EndGlobalSection
	GlobalSection(ProjectConfigurationPlatforms) = postSolution
		{389F7BC3-B5CD-4A4F-9B12-1AE87B7A654B}.Debug|Any CPU.ActiveCfg = Debug|Any CPU
		{389F7BC3-B5CD-4A4F-9B12-1AE87B7A654B}.Debug|Any CPU.Build.0 = Debug|Any CPU
		{389F7BC3-B5CD-4A4F-9B12-1AE87B7A654B}.Debug|Any CPU.Deploy.0 = Debug|Any CPU
		{389F7BC3-B5CD-4A4F-9B12-1AE87B7A654B}.Debug|iPhone.ActiveCfg = Debug|Any CPU
		{389F7BC3-B5CD-4A4F-9B12-1AE87B7A654B}.Debug|iPhone.Build.0 = Debug|Any CPU
		{389F7BC3-B5CD-4A4F-9B12-1AE87B7A654B}.Debug|iPhone.Deploy.0 = Debug|Any CPU
		{389F7BC3-B5CD-4A4F-9B12-1AE87B7A654B}.Debug|iPhoneSimulator.ActiveCfg = Debug|Any CPU
		{389F7BC3-B5CD-4A4F-9B12-1AE87B7A654B}.Debug|iPhoneSimulator.Build.0 = Debug|Any CPU
		{389F7BC3-B5CD-4A4F-9B12-1AE87B7A654B}.Debug|iPhoneSimulator.Deploy.0 = Debug|Any CPU
		{389F7BC3-B5CD-4A4F-9B12-1AE87B7A654B}.Release|Any CPU.ActiveCfg = Release|Any CPU
		{389F7BC3-B5CD-4A4F-9B12-1AE87B7A654B}.Release|Any CPU.Build.0 = Release|Any CPU
		{389F7BC3-B5CD-4A4F-9B12-1AE87B7A654B}.Release|Any CPU.Deploy.0 = Release|Any CPU
		{389F7BC3-B5CD-4A4F-9B12-1AE87B7A654B}.Release|iPhone.ActiveCfg = Release|Any CPU
		{389F7BC3-B5CD-4A4F-9B12-1AE87B7A654B}.Release|iPhone.Build.0 = Release|Any CPU
		{389F7BC3-B5CD-4A4F-9B12-1AE87B7A654B}.Release|iPhone.Deploy.0 = Release|Any CPU
		{389F7BC3-B5CD-4A4F-9B12-1AE87B7A654B}.Release|iPhoneSimulator.ActiveCfg = Release|Any CPU
		{389F7BC3-B5CD-4A4F-9B12-1AE87B7A654B}.Release|iPhoneSimulator.Build.0 = Release|Any CPU
		{389F7BC3-B5CD-4A4F-9B12-1AE87B7A654B}.Release|iPhoneSimulator.Deploy.0 = Release|Any CPU
		{29D52C93-D9DF-486A-89A2-01E039B8382B}.Debug|Any CPU.ActiveCfg = Debug|iPhoneSimulator
		{29D52C93-D9DF-486A-89A2-01E039B8382B}.Debug|Any CPU.Build.0 = Debug|iPhoneSimulator
		{29D52C93-D9DF-486A-89A2-01E039B8382B}.Debug|Any CPU.Deploy.0 = Debug|iPhoneSimulator
		{29D52C93-D9DF-486A-89A2-01E039B8382B}.Debug|iPhone.ActiveCfg = Debug|iPhone
		{29D52C93-D9DF-486A-89A2-01E039B8382B}.Debug|iPhone.Build.0 = Debug|iPhone
		{29D52C93-D9DF-486A-89A2-01E039B8382B}.Debug|iPhone.Deploy.0 = Debug|iPhone
		{29D52C93-D9DF-486A-89A2-01E039B8382B}.Debug|iPhoneSimulator.ActiveCfg = Debug|iPhoneSimulator
		{29D52C93-D9DF-486A-89A2-01E039B8382B}.Debug|iPhoneSimulator.Build.0 = Debug|iPhoneSimulator
		{29D52C93-D9DF-486A-89A2-01E039B8382B}.Debug|iPhoneSimulator.Deploy.0 = Debug|iPhoneSimulator
		{29D52C93-D9DF-486A-89A2-01E039B8382B}.Release|Any CPU.ActiveCfg = Release|iPhone
		{29D52C93-D9DF-486A-89A2-01E039B8382B}.Release|Any CPU.Build.0 = Release|iPhone
		{29D52C93-D9DF-486A-89A2-01E039B8382B}.Release|Any CPU.Deploy.0 = Release|iPhone
		{29D52C93-D9DF-486A-89A2-01E039B8382B}.Release|iPhone.ActiveCfg = Release|iPhone
		{29D52C93-D9DF-486A-89A2-01E039B8382B}.Release|iPhone.Build.0 = Release|iPhone
		{29D52C93-D9DF-486A-89A2-01E039B8382B}.Release|iPhone.Deploy.0 = Release|iPhone
		{29D52C93-D9DF-486A-89A2-01E039B8382B}.Release|iPhoneSimulator.ActiveCfg = Release|iPhoneSimulator
		{29D52C93-D9DF-486A-89A2-01E039B8382B}.Release|iPhoneSimulator.Build.0 = Release|iPhoneSimulator
		{29D52C93-D9DF-486A-89A2-01E039B8382B}.Release|iPhoneSimulator.Deploy.0 = Release|iPhoneSimulator
	EndGlobalSection
	GlobalSection(SolutionProperties) = preSolution
		HideSolutionNode = FALSE
	EndGlobalSection
	GlobalSection(ExtensibilityGlobals) = postSolution
		SolutionGuid = {07F41FBE-FB73-461C-ADC9-823A02472A62}
	EndGlobalSection
EndGlobal
